
Microsoft Visual Studio Solution File, Format Version 12.00
# Visual Studio Version 17
VisualStudioVersion = 17.4.33122.133
MinimumVisualStudioVersion = 10.0.40219.1
Project("{FAE04EC0-301F-11D3-BF4B-00C04F79EFBC}") = "Task_1", "Task_1\Task_1.csproj", "{7BEEF2D7-CB4F-49B9-A9F5-F18320C13087}"
EndProject
Global
	GlobalSection(SolutionConfigurationPlatforms) = preSolution
		Debug|Any CPU = Debug|Any CPU
		Release|Any CPU = Release|Any CPU
	EndGlobalSection
	GlobalSection(ProjectConfigurationPlatforms) = postSolution
		{7BEEF2D7-CB4F-49B9-A9F5-F18320C13087}.Debug|Any CPU.ActiveCfg = Debug|Any CPU
		{7BEEF2D7-CB4F-49B9-A9F5-F18320C13087}.Debug|Any CPU.Build.0 = Debug|Any CPU
		{7BEEF2D7-CB4F-49B9-A9F5-F18320C13087}.Release|Any CPU.ActiveCfg = Release|Any CPU
		{7BEEF2D7-CB4F-49B9-A9F5-F18320C13087}.Release|Any CPU.Build.0 = Release|Any CPU
	EndGlobalSection
	GlobalSection(SolutionProperties) = preSolution
		HideSolutionNode = FALSE
	EndGlobalSection
	GlobalSection(ExtensibilityGlobals) = postSolution
		SolutionGuid = {434DA3DB-D79C-4057-9586-D75B8BACCCFD}
	EndGlobalSection
EndGlobal
