
Microsoft Visual Studio Solution File, Format Version 12.00
# Visual Studio Version 17
VisualStudioVersion = 17.4.33122.133
MinimumVisualStudioVersion = 10.0.40219.1
Project("{FAE04EC0-301F-11D3-BF4B-00C04F79EFBC}") = "Task_2", "Task_2\Task_2.csproj", "{ECECED0F-095B-483B-8053-497FA07538F2}"
EndProject
Global
	GlobalSection(SolutionConfigurationPlatforms) = preSolution
		Debug|Any CPU = Debug|Any CPU
		Release|Any CPU = Release|Any CPU
	EndGlobalSection
	GlobalSection(ProjectConfigurationPlatforms) = postSolution
		{ECECED0F-095B-483B-8053-497FA07538F2}.Debug|Any CPU.ActiveCfg = Debug|Any CPU
		{ECECED0F-095B-483B-8053-497FA07538F2}.Debug|Any CPU.Build.0 = Debug|Any CPU
		{ECECED0F-095B-483B-8053-497FA07538F2}.Release|Any CPU.ActiveCfg = Release|Any CPU
		{ECECED0F-095B-483B-8053-497FA07538F2}.Release|Any CPU.Build.0 = Release|Any CPU
	EndGlobalSection
	GlobalSection(SolutionProperties) = preSolution
		HideSolutionNode = FALSE
	EndGlobalSection
	GlobalSection(ExtensibilityGlobals) = postSolution
		SolutionGuid = {0854E41D-9BA2-47BB-9AFB-939A7E93302A}
	EndGlobalSection
EndGlobal
